
Microsoft Visual Studio Solution File, Format Version 12.00
# Visual Studio Version 17
VisualStudioVersion = 17.6.33723.286
MinimumVisualStudioVersion = 10.0.40219.1
Project("{FAE04EC0-301F-11D3-BF4B-00C04F79EFBC}") = "ObjectOrientedPractics", "ObjectOrientedPractics\ObjectOrientedPractics.csproj", "{30557863-D285-4215-9855-E61FA29A6AC5}"
EndProject
Global
	GlobalSection(SolutionConfigurationPlatforms) = preSolution
		Debug|Any CPU = Debug|Any CPU
		Release|Any CPU = Release|Any CPU
	EndGlobalSection
	GlobalSection(ProjectConfigurationPlatforms) = postSolution
		{30557863-D285-4215-9855-E61FA29A6AC5}.Debug|Any CPU.ActiveCfg = Debug|Any CPU
		{30557863-D285-4215-9855-E61FA29A6AC5}.Debug|Any CPU.Build.0 = Debug|Any CPU
		{30557863-D285-4215-9855-E61FA29A6AC5}.Release|Any CPU.ActiveCfg = Release|Any CPU
		{30557863-D285-4215-9855-E61FA29A6AC5}.Release|Any CPU.Build.0 = Release|Any CPU
	EndGlobalSection
	GlobalSection(SolutionProperties) = preSolution
		HideSolutionNode = FALSE
	EndGlobalSection
	GlobalSection(ExtensibilityGlobals) = postSolution
		SolutionGuid = {AE40349C-F311-4985-AAD1-B7DE430C3290}
	EndGlobalSection
EndGlobal
