
Microsoft Visual Studio Solution File, Format Version 12.00
# Visual Studio Version 17
VisualStudioVersion = 17.6.33723.286
MinimumVisualStudioVersion = 10.0.40219.1
Project("{9A19103F-16F7-4668-BE54-9A1E7A4F7556}") = "Contacts", "Contacts\Contacts.csproj", "{C1AFB24D-91E3-421E-AF73-0952FEF381E6}"
	ProjectSection(ProjectDependencies) = postProject
		{5AF96FF1-C1F3-4953-AFD0-0E2E6EFB435C} = {5AF96FF1-C1F3-4953-AFD0-0E2E6EFB435C}
	EndProjectSection
EndProject
Project("{FAE04EC0-301F-11D3-BF4B-00C04F79EFBC}") = "Model", "Model\Model.csproj", "{545EEA63-E778-47E1-8A8D-2401AA2A932D}"
EndProject
Project("{FAE04EC0-301F-11D3-BF4B-00C04F79EFBC}") = "ViewModel", "ViewModel\ViewModel.csproj", "{5AF96FF1-C1F3-4953-AFD0-0E2E6EFB435C}"
	ProjectSection(ProjectDependencies) = postProject
		{545EEA63-E778-47E1-8A8D-2401AA2A932D} = {545EEA63-E778-47E1-8A8D-2401AA2A932D}
	EndProjectSection
EndProject
Global
	GlobalSection(SolutionConfigurationPlatforms) = preSolution
		Debug|Any CPU = Debug|Any CPU
		Release|Any CPU = Release|Any CPU
	EndGlobalSection
	GlobalSection(ProjectConfigurationPlatforms) = postSolution
		{C1AFB24D-91E3-421E-AF73-0952FEF381E6}.Debug|Any CPU.ActiveCfg = Debug|Any CPU
		{C1AFB24D-91E3-421E-AF73-0952FEF381E6}.Debug|Any CPU.Build.0 = Debug|Any CPU
		{C1AFB24D-91E3-421E-AF73-0952FEF381E6}.Release|Any CPU.ActiveCfg = Release|Any CPU
		{C1AFB24D-91E3-421E-AF73-0952FEF381E6}.Release|Any CPU.Build.0 = Release|Any CPU
		{545EEA63-E778-47E1-8A8D-2401AA2A932D}.Debug|Any CPU.ActiveCfg = Debug|Any CPU
		{545EEA63-E778-47E1-8A8D-2401AA2A932D}.Debug|Any CPU.Build.0 = Debug|Any CPU
		{545EEA63-E778-47E1-8A8D-2401AA2A932D}.Release|Any CPU.ActiveCfg = Release|Any CPU
		{545EEA63-E778-47E1-8A8D-2401AA2A932D}.Release|Any CPU.Build.0 = Release|Any CPU
		{5AF96FF1-C1F3-4953-AFD0-0E2E6EFB435C}.Debug|Any CPU.ActiveCfg = Debug|Any CPU
		{5AF96FF1-C1F3-4953-AFD0-0E2E6EFB435C}.Debug|Any CPU.Build.0 = Debug|Any CPU
		{5AF96FF1-C1F3-4953-AFD0-0E2E6EFB435C}.Release|Any CPU.ActiveCfg = Release|Any CPU
		{5AF96FF1-C1F3-4953-AFD0-0E2E6EFB435C}.Release|Any CPU.Build.0 = Release|Any CPU
	EndGlobalSection
	GlobalSection(SolutionProperties) = preSolution
		HideSolutionNode = FALSE
	EndGlobalSection
	GlobalSection(ExtensibilityGlobals) = postSolution
		SolutionGuid = {09851666-28AB-403D-A1DC-D765D0DD3CAB}
	EndGlobalSection
EndGlobal
